// !$*UTF8*$!
{
	archiveVersion = 1;
	classes = {
	};
	objectVersion = 46;
	objects = {

/* Begin PBXBuildFile section */
		8C7F7E601C645866000B7A67 /* zoo.json in Resources */ = {isa = PBXBuildFile; fileRef = 8C7F7E5F1C645866000B7A67 /* zoo.json */; };
		8CA4BA191C64563E00734F6B /* Animals.swift in Sources */ = {isa = PBXBuildFile; fileRef = 8CA4BA181C64563E00734F6B /* Animals.swift */; };
		8CA4BA1B1C6456FC00734F6B /* AnimalFactory.swift in Sources */ = {isa = PBXBuildFile; fileRef = 8CA4BA1A1C6456FC00734F6B /* AnimalFactory.swift */; };
		8CBA32591C6FE84900B3935A /* SwiftyJSON.swift in Sources */ = {isa = PBXBuildFile; fileRef = 8CBA32581C6FE84900B3935A /* SwiftyJSON.swift */; };
		8CE7B7A81C64524D00E6443B /* AppDelegate.swift in Sources */ = {isa = PBXBuildFile; fileRef = 8CE7B7A71C64524D00E6443B /* AppDelegate.swift */; };
		8CE7B7AA1C64524E00E6443B /* MasterViewController.swift in Sources */ = {isa = PBXBuildFile; fileRef = 8CE7B7A91C64524E00E6443B /* MasterViewController.swift */; };
		8CE7B7AC1C64524E00E6443B /* DetailViewController.swift in Sources */ = {isa = PBXBuildFile; fileRef = 8CE7B7AB1C64524E00E6443B /* DetailViewController.swift */; };
		8CE7B7AF1C64524E00E6443B /* Main.storyboard in Resources */ = {isa = PBXBuildFile; fileRef = 8CE7B7AD1C64524E00E6443B /* Main.storyboard */; };
		8CE7B7B11C64524E00E6443B /* Assets.xcassets in Resources */ = {isa = PBXBuildFile; fileRef = 8CE7B7B01C64524E00E6443B /* Assets.xcassets */; };
		8CE7B7B41C64524E00E6443B /* LaunchScreen.storyboard in Resources */ = {isa = PBXBuildFile; fileRef = 8CE7B7B21C64524E00E6443B /* LaunchScreen.storyboard */; };
		8CE7B7BF1C64524E00E6443B /* ZooKeeperTests.swift in Sources */ = {isa = PBXBuildFile; fileRef = 8CE7B7BE1C64524E00E6443B /* ZooKeeperTests.swift */; };
		8CE7B7CA1C64524E00E6443B /* ZooKeeperUITests.swift in Sources */ = {isa = PBXBuildFile; fileRef = 8CE7B7C91C64524E00E6443B /* ZooKeeperUITests.swift */; };
/* End PBXBuildFile section */

/* Begin PBXContainerItemProxy section */
		8CE7B7BB1C64524E00E6443B /* PBXContainerItemProxy */ = {
			isa = PBXContainerItemProxy;
			containerPortal = 8CE7B79C1C64524D00E6443B /* Project object */;
			proxyType = 1;
			remoteGlobalIDString = 8CE7B7A31C64524D00E6443B;
			remoteInfo = ZooKeeper;
		};
		8CE7B7C61C64524E00E6443B /* PBXContainerItemProxy */ = {
			isa = PBXContainerItemProxy;
			containerPortal = 8CE7B79C1C64524D00E6443B /* Project object */;
			proxyType = 1;
			remoteGlobalIDString = 8CE7B7A31C64524D00E6443B;
			remoteInfo = ZooKeeper;
		};
/* End PBXContainerItemProxy section */

/* Begin PBXFileReference section */
		8C7F7E5F1C645866000B7A67 /* zoo.json */ = {isa = PBXFileReference; fileEncoding = 4; lastKnownFileType = text.json; path = zoo.json; sourceTree = "<group>"; };
		8CA4BA181C64563E00734F6B /* Animals.swift */ = {isa = PBXFileReference; fileEncoding = 4; lastKnownFileType = sourcecode.swift; path = Animals.swift; sourceTree = "<group>"; };
		8CA4BA1A1C6456FC00734F6B /* AnimalFactory.swift */ = {isa = PBXFileReference; fileEncoding = 4; lastKnownFileType = sourcecode.swift; path = AnimalFactory.swift; sourceTree = "<group>"; };
		8CBA32581C6FE84900B3935A /* SwiftyJSON.swift */ = {isa = PBXFileReference; fileEncoding = 4; lastKnownFileType = sourcecode.swift; path = SwiftyJSON.swift; sourceTree = "<group>"; };
		8CE7B7A41C64524D00E6443B /* ZooKeeper.app */ = {isa = PBXFileReference; explicitFileType = wrapper.application; includeInIndex = 0; path = ZooKeeper.app; sourceTree = BUILT_PRODUCTS_DIR; };
		8CE7B7A71C64524D00E6443B /* AppDelegate.swift */ = {isa = PBXFileReference; lastKnownFileType = sourcecode.swift; path = AppDelegate.swift; sourceTree = "<group>"; };
		8CE7B7A91C64524E00E6443B /* MasterViewController.swift */ = {isa = PBXFileReference; lastKnownFileType = sourcecode.swift; path = MasterViewController.swift; sourceTree = "<group>"; };
		8CE7B7AB1C64524E00E6443B /* DetailViewController.swift */ = {isa = PBXFileReference; lastKnownFileType = sourcecode.swift; path = DetailViewController.swift; sourceTree = "<group>"; };
		8CE7B7AE1C64524E00E6443B /* Base */ = {isa = PBXFileReference; lastKnownFileType = file.storyboard; name = Base; path = Base.lproj/Main.storyboard; sourceTree = "<group>"; };
		8CE7B7B01C64524E00E6443B /* Assets.xcassets */ = {isa = PBXFileReference; lastKnownFileType = folder.assetcatalog; path = Assets.xcassets; sourceTree = "<group>"; };
		8CE7B7B31C64524E00E6443B /* Base */ = {isa = PBXFileReference; lastKnownFileType = file.storyboard; name = Base; path = Base.lproj/LaunchScreen.storyboard; sourceTree = "<group>"; };
		8CE7B7B51C64524E00E6443B /* Info.plist */ = {isa = PBXFileReference; lastKnownFileType = text.plist.xml; path = Info.plist; sourceTree = "<group>"; };
		8CE7B7BA1C64524E00E6443B /* ZooKeeperTests.xctest */ = {isa = PBXFileReference; explicitFileType = wrapper.cfbundle; includeInIndex = 0; path = ZooKeeperTests.xctest; sourceTree = BUILT_PRODUCTS_DIR; };
		8CE7B7BE1C64524E00E6443B /* ZooKeeperTests.swift */ = {isa = PBXFileReference; lastKnownFileType = sourcecode.swift; path = ZooKeeperTests.swift; sourceTree = "<group>"; };
		8CE7B7C01C64524E00E6443B /* Info.plist */ = {isa = PBXFileReference; lastKnownFileType = text.plist.xml; path = Info.plist; sourceTree = "<group>"; };
		8CE7B7C51C64524E00E6443B /* ZooKeeperUITests.xctest */ = {isa = PBXFileReference; explicitFileType = wrapper.cfbundle; includeInIndex = 0; path = ZooKeeperUITests.xctest; sourceTree = BUILT_PRODUCTS_DIR; };
		8CE7B7C91C64524E00E6443B /* ZooKeeperUITests.swift */ = {isa = PBXFileReference; lastKnownFileType = sourcecode.swift; path = ZooKeeperUITests.swift; sourceTree = "<group>"; };
		8CE7B7CB1C64524E00E6443B /* Info.plist */ = {isa = PBXFileReference; lastKnownFileType = text.plist.xml; path = Info.plist; sourceTree = "<group>"; };
/* End PBXFileReference section */

/* Begin PBXFrameworksBuildPhase section */
		8CE7B7A11C64524D00E6443B /* Frameworks */ = {
			isa = PBXFrameworksBuildPhase;
			buildActionMask = 2147483647;
			files = (
			);
			runOnlyForDeploymentPostprocessing = 0;
		};
		8CE7B7B71C64524E00E6443B /* Frameworks */ = {
			isa = PBXFrameworksBuildPhase;
			buildActionMask = 2147483647;
			files = (
			);
			runOnlyForDeploymentPostprocessing = 0;
		};
		8CE7B7C21C64524E00E6443B /* Frameworks */ = {
			isa = PBXFrameworksBuildPhase;
			buildActionMask = 2147483647;
			files = (
			);
			runOnlyForDeploymentPostprocessing = 0;
		};
/* End PBXFrameworksBuildPhase section */

/* Begin PBXGroup section */
		8CA4BA171C6455C100734F6B /* Models */ = {
			isa = PBXGroup;
			children = (
				8C7F7E5F1C645866000B7A67 /* zoo.json */,
				8CA4BA181C64563E00734F6B /* Animals.swift */,
				8CA4BA1A1C6456FC00734F6B /* AnimalFactory.swift */,
			);
			name = Models;
			sourceTree = "<group>";
		};
		8CE7B79B1C64524D00E6443B = {
			isa = PBXGroup;
			children = (
				8CE7B7A61C64524D00E6443B /* ZooKeeper */,
				8CE7B7BD1C64524E00E6443B /* ZooKeeperTests */,
				8CE7B7C81C64524E00E6443B /* ZooKeeperUITests */,
				8CE7B7A51C64524D00E6443B /* Products */,
			);
			sourceTree = "<group>";
		};
		8CE7B7A51C64524D00E6443B /* Products */ = {
			isa = PBXGroup;
			children = (
				8CE7B7A41C64524D00E6443B /* ZooKeeper.app */,
				8CE7B7BA1C64524E00E6443B /* ZooKeeperTests.xctest */,
				8CE7B7C51C64524E00E6443B /* ZooKeeperUITests.xctest */,
			);
			name = Products;
			sourceTree = "<group>";
		};
		8CE7B7A61C64524D00E6443B /* ZooKeeper */ = {
			isa = PBXGroup;
			children = (
				8CE7B7A71C64524D00E6443B /* AppDelegate.swift */,
				8CE7B7A91C64524E00E6443B /* MasterViewController.swift */,
				8CE7B7AB1C64524E00E6443B /* DetailViewController.swift */,
				8CE7B7AD1C64524E00E6443B /* Main.storyboard */,
				8CBA32581C6FE84900B3935A /* SwiftyJSON.swift */,
				8CA4BA171C6455C100734F6B /* Models */,
				8CE7B7B01C64524E00E6443B /* Assets.xcassets */,
				8CE7B7B21C64524E00E6443B /* LaunchScreen.storyboard */,
				8CE7B7B51C64524E00E6443B /* Info.plist */,
			);
			path = ZooKeeper;
			sourceTree = "<group>";
		};
		8CE7B7BD1C64524E00E6443B /* ZooKeeperTests */ = {
			isa = PBXGroup;
			children = (
				8CE7B7BE1C64524E00E6443B /* ZooKeeperTests.swift */,
				8CE7B7C01C64524E00E6443B /* Info.plist */,
			);
			path = ZooKeeperTests;
			sourceTree = "<group>";
		};
		8CE7B7C81C64524E00E6443B /* ZooKeeperUITests */ = {
			isa = PBXGroup;
			children = (
				8CE7B7C91C64524E00E6443B /* ZooKeeperUITests.swift */,
				8CE7B7CB1C64524E00E6443B /* Info.plist */,
			);
			path = ZooKeeperUITests;
			sourceTree = "<group>";
		};
/* End PBXGroup section */

/* Begin PBXNativeTarget section */
		8CE7B7A31C64524D00E6443B /* ZooKeeper */ = {
			isa = PBXNativeTarget;
			buildConfigurationList = 8CE7B7CE1C64524E00E6443B /* Build configuration list for PBXNativeTarget "ZooKeeper" */;
			buildPhases = (
				8CE7B7A01C64524D00E6443B /* Sources */,
				8CE7B7A11C64524D00E6443B /* Frameworks */,
				8CE7B7A21C64524D00E6443B /* Resources */,
			);
			buildRules = (
			);
			dependencies = (
			);
			name = ZooKeeper;
			productName = ZooKeeper;
			productReference = 8CE7B7A41C64524D00E6443B /* ZooKeeper.app */;
			productType = "com.apple.product-type.application";
		};
		8CE7B7B91C64524E00E6443B /* ZooKeeperTests */ = {
			isa = PBXNativeTarget;
			buildConfigurationList = 8CE7B7D11C64524E00E6443B /* Build configuration list for PBXNativeTarget "ZooKeeperTests" */;
			buildPhases = (
				8CE7B7B61C64524E00E6443B /* Sources */,
				8CE7B7B71C64524E00E6443B /* Frameworks */,
				8CE7B7B81C64524E00E6443B /* Resources */,
			);
			buildRules = (
			);
			dependencies = (
				8CE7B7BC1C64524E00E6443B /* PBXTargetDependency */,
			);
			name = ZooKeeperTests;
			productName = ZooKeeperTests;
			productReference = 8CE7B7BA1C64524E00E6443B /* ZooKeeperTests.xctest */;
			productType = "com.apple.product-type.bundle.unit-test";
		};
		8CE7B7C41C64524E00E6443B /* ZooKeeperUITests */ = {
			isa = PBXNativeTarget;
			buildConfigurationList = 8CE7B7D41C64524E00E6443B /* Build configuration list for PBXNativeTarget "ZooKeeperUITests" */;
			buildPhases = (
				8CE7B7C11C64524E00E6443B /* Sources */,
				8CE7B7C21C64524E00E6443B /* Frameworks */,
				8CE7B7C31C64524E00E6443B /* Resources */,
			);
			buildRules = (
			);
			dependencies = (
				8CE7B7C71C64524E00E6443B /* PBXTargetDependency */,
			);
			name = ZooKeeperUITests;
			productName = ZooKeeperUITests;
			productReference = 8CE7B7C51C64524E00E6443B /* ZooKeeperUITests.xctest */;
			productType = "com.apple.product-type.bundle.ui-testing";
		};
/* End PBXNativeTarget section */

/* Begin PBXProject section */
		8CE7B79C1C64524D00E6443B /* Project object */ = {
			isa = PBXProject;
			attributes = {
				LastSwiftUpdateCheck = 0720;
				LastUpgradeCheck = 0720;
				ORGANIZATIONNAME = "Jason Noble";
				TargetAttributes = {
					8CE7B7A31C64524D00E6443B = {
						CreatedOnToolsVersion = 7.2;
					};
					8CE7B7B91C64524E00E6443B = {
						CreatedOnToolsVersion = 7.2;
						TestTargetID = 8CE7B7A31C64524D00E6443B;
					};
					8CE7B7C41C64524E00E6443B = {
						CreatedOnToolsVersion = 7.2;
						TestTargetID = 8CE7B7A31C64524D00E6443B;
					};
				};
			};
			buildConfigurationList = 8CE7B79F1C64524D00E6443B /* Build configuration list for PBXProject "ZooKeeper" */;
			compatibilityVersion = "Xcode 3.2";
			developmentRegion = English;
			hasScannedForEncodings = 0;
			knownRegions = (
				en,
				Base,
			);
			mainGroup = 8CE7B79B1C64524D00E6443B;
			productRefGroup = 8CE7B7A51C64524D00E6443B /* Products */;
			projectDirPath = "";
			projectRoot = "";
			targets = (
				8CE7B7A31C64524D00E6443B /* ZooKeeper */,
				8CE7B7B91C64524E00E6443B /* ZooKeeperTests */,
				8CE7B7C41C64524E00E6443B /* ZooKeeperUITests */,
			);
		};
/* End PBXProject section */

/* Begin PBXResourcesBuildPhase section */
		8CE7B7A21C64524D00E6443B /* Resources */ = {
			isa = PBXResourcesBuildPhase;
			buildActionMask = 2147483647;
			files = (
				8C7F7E601C645866000B7A67 /* zoo.json in Resources */,
				8CE7B7B41C64524E00E6443B /* LaunchScreen.storyboard in Resources */,
				8CE7B7B11C64524E00E6443B /* Assets.xcassets in Resources */,
				8CE7B7AF1C64524E00E6443B /* Main.storyboard in Resources */,
			);
			runOnlyForDeploymentPostprocessing = 0;
		};
		8CE7B7B81C64524E00E6443B /* Resources */ = {
			isa = PBXResourcesBuildPhase;
			buildActionMask = 2147483647;
			files = (
			);
			runOnlyForDeploymentPostprocessing = 0;
		};
		8CE7B7C31C64524E00E6443B /* Resources */ = {
			isa = PBXResourcesBuildPhase;
			buildActionMask = 2147483647;
			files = (
			);
			runOnlyForDeploymentPostprocessing = 0;
		};
/* End PBXResourcesBuildPhase section */

/* Begin PBXSourcesBuildPhase section */
		8CE7B7A01C64524D00E6443B /* Sources */ = {
			isa = PBXSourcesBuildPhase;
			buildActionMask = 2147483647;
			files = (
				8CE7B7AC1C64524E00E6443B /* DetailViewController.swift in Sources */,
				8CA4BA1B1C6456FC00734F6B /* AnimalFactory.swift in Sources */,
				8CA4BA191C64563E00734F6B /* Animals.swift in Sources */,
				8CBA32591C6FE84900B3935A /* SwiftyJSON.swift in Sources */,
				8CE7B7AA1C64524E00E6443B /* MasterViewController.swift in Sources */,
				8CE7B7A81C64524D00E6443B /* AppDelegate.swift in Sources */,
			);
			runOnlyForDeploymentPostprocessing = 0;
		};
		8CE7B7B61C64524E00E6443B /* Sources */ = {
			isa = PBXSourcesBuildPhase;
			buildActionMask = 2147483647;
			files = (
				8CE7B7BF1C64524E00E6443B /* ZooKeeperTests.swift in Sources */,
			);
			runOnlyForDeploymentPostprocessing = 0;
		};
		8CE7B7C11C64524E00E6443B /* Sources */ = {
			isa = PBXSourcesBuildPhase;
			buildActionMask = 2147483647;
			files = (
				8CE7B7CA1C64524E00E6443B /* ZooKeeperUITests.swift in Sources */,
			);
			runOnlyForDeploymentPostprocessing = 0;
		};
/* End PBXSourcesBuildPhase section */

/* Begin PBXTargetDependency section */
		8CE7B7BC1C64524E00E6443B /* PBXTargetDependency */ = {
			isa = PBXTargetDependency;
			target = 8CE7B7A31C64524D00E6443B /* ZooKeeper */;
			targetProxy = 8CE7B7BB1C64524E00E6443B /* PBXContainerItemProxy */;
		};
		8CE7B7C71C64524E00E6443B /* PBXTargetDependency */ = {
			isa = PBXTargetDependency;
			target = 8CE7B7A31C64524D00E6443B /* ZooKeeper */;
			targetProxy = 8CE7B7C61C64524E00E6443B /* PBXContainerItemProxy */;
		};
/* End PBXTargetDependency section */

/* Begin PBXVariantGroup section */
		8CE7B7AD1C64524E00E6443B /* Main.storyboard */ = {
			isa = PBXVariantGroup;
			children = (
				8CE7B7AE1C64524E00E6443B /* Base */,
			);
			name = Main.storyboard;
			sourceTree = "<group>";
		};
		8CE7B7B21C64524E00E6443B /* LaunchScreen.storyboard */ = {
			isa = PBXVariantGroup;
			children = (
				8CE7B7B31C64524E00E6443B /* Base */,
			);
			name = LaunchScreen.storyboard;
			sourceTree = "<group>";
		};
/* End PBXVariantGroup section */

/* Begin XCBuildConfiguration section */
		8CE7B7CC1C64524E00E6443B /* Debug */ = {
			isa = XCBuildConfiguration;
			buildSettings = {
				ALWAYS_SEARCH_USER_PATHS = NO;
				CLANG_CXX_LANGUAGE_STANDARD = "gnu++0x";
				CLANG_CXX_LIBRARY = "libc++";
				CLANG_ENABLE_MODULES = YES;
				CLANG_ENABLE_OBJC_ARC = YES;
				CLANG_WARN_BOOL_CONVERSION = YES;
				CLANG_WARN_CONSTANT_CONVERSION = YES;
				CLANG_WARN_DIRECT_OBJC_ISA_USAGE = YES_ERROR;
				CLANG_WARN_EMPTY_BODY = YES;
				CLANG_WARN_ENUM_CONVERSION = YES;
				CLANG_WARN_INT_CONVERSION = YES;
				CLANG_WARN_OBJC_ROOT_CLASS = YES_ERROR;
				CLANG_WARN_UNREACHABLE_CODE = YES;
				CLANG_WARN__DUPLICATE_METHOD_MATCH = YES;
				"CODE_SIGN_IDENTITY[sdk=iphoneos*]" = "iPhone Developer";
				COPY_PHASE_STRIP = NO;
				DEBUG_INFORMATION_FORMAT = dwarf;
				ENABLE_STRICT_OBJC_MSGSEND = YES;
				ENABLE_TESTABILITY = YES;
				GCC_C_LANGUAGE_STANDARD = gnu99;
				GCC_DYNAMIC_NO_PIC = NO;
				GCC_NO_COMMON_BLOCKS = YES;
				GCC_OPTIMIZATION_LEVEL = 0;
				GCC_PREPROCESSOR_DEFINITIONS = (
					"DEBUG=1",
					"$(inherited)",
				);
				GCC_WARN_64_TO_32_BIT_CONVERSION = YES;
				GCC_WARN_ABOUT_RETURN_TYPE = YES_ERROR;
				GCC_WARN_UNDECLARED_SELECTOR = YES;
				GCC_WARN_UNINITIALIZED_AUTOS = YES_AGGRESSIVE;
				GCC_WARN_UNUSED_FUNCTION = YES;
				GCC_WARN_UNUSED_VARIABLE = YES;
				IPHONEOS_DEPLOYMENT_TARGET = 9.2;
				MTL_ENABLE_DEBUG_INFO = YES;
				ONLY_ACTIVE_ARCH = YES;
				SDKROOT = iphoneos;
				SWIFT_OPTIMIZATION_LEVEL = "-Onone";
				TARGETED_DEVICE_FAMILY = "1,2";
			};
			name = Debug;
		};
		8CE7B7CD1C64524E00E6443B /* Release */ = {
			isa = XCBuildConfiguration;
			buildSettings = {
				ALWAYS_SEARCH_USER_PATHS = NO;
				CLANG_CXX_LANGUAGE_STANDARD = "gnu++0x";
				CLANG_CXX_LIBRARY = "libc++";
				CLANG_ENABLE_MODULES = YES;
				CLANG_ENABLE_OBJC_ARC = YES;
				CLANG_WARN_BOOL_CONVERSION = YES;
				CLANG_WARN_CONSTANT_CONVERSION = YES;
				CLANG_WARN_DIRECT_OBJC_ISA_USAGE = YES_ERROR;
				CLANG_WARN_EMPTY_BODY = YES;
				CLANG_WARN_ENUM_CONVERSION = YES;
				CLANG_WARN_INT_CONVERSION = YES;
				CLANG_WARN_OBJC_ROOT_CLASS = YES_ERROR;
				CLANG_WARN_UNREACHABLE_CODE = YES;
				CLANG_WARN__DUPLICATE_METHOD_MATCH = YES;
				"CODE_SIGN_IDENTITY[sdk=iphoneos*]" = "iPhone Developer";
				COPY_PHASE_STRIP = NO;
				DEBUG_INFORMATION_FORMAT = "dwarf-with-dsym";
				ENABLE_NS_ASSERTIONS = NO;
				ENABLE_STRICT_OBJC_MSGSEND = YES;
				GCC_C_LANGUAGE_STANDARD = gnu99;
				GCC_NO_COMMON_BLOCKS = YES;
				GCC_WARN_64_TO_32_BIT_CONVERSION = YES;
				GCC_WARN_ABOUT_RETURN_TYPE = YES_ERROR;
				GCC_WARN_UNDECLARED_SELECTOR = YES;
				GCC_WARN_UNINITIALIZED_AUTOS = YES_AGGRESSIVE;
				GCC_WARN_UNUSED_FUNCTION = YES;
				GCC_WARN_UNUSED_VARIABLE = YES;
				IPHONEOS_DEPLOYMENT_TARGET = 9.2;
				MTL_ENABLE_DEBUG_INFO = NO;
				SDKROOT = iphoneos;
				TARGETED_DEVICE_FAMILY = "1,2";
				VALIDATE_PRODUCT = YES;
			};
			name = Release;
		};
		8CE7B7CF1C64524E00E6443B /* Debug */ = {
			isa = XCBuildConfiguration;
			buildSettings = {
				ASSETCATALOG_COMPILER_APPICON_NAME = AppIcon;
				FRAMEWORK_SEARCH_PATHS = (
					"$(inherited)",
					"$(PROJECT_DIR)/Carthage/Build/iOS",
					"$(PROJECT_DIR)/ZooKeeper",
				);
				INFOPLIST_FILE = ZooKeeper/Info.plist;
				LD_RUNPATH_SEARCH_PATHS = "$(inherited) @executable_path/Frameworks";
				PRODUCT_BUNDLE_IDENTIFIER = org.jasonnoble.ZooKeeper;
				PRODUCT_NAME = "$(TARGET_NAME)";
			};
			name = Debug;
		};
		8CE7B7D01C64524E00E6443B /* Release */ = {
			isa = XCBuildConfiguration;
			buildSettings = {
				ASSETCATALOG_COMPILER_APPICON_NAME = AppIcon;
				FRAMEWORK_SEARCH_PATHS = (
					"$(inherited)",
					"$(PROJECT_DIR)/Carthage/Build/iOS",
					"$(PROJECT_DIR)/ZooKeeper",
				);
				INFOPLIST_FILE = ZooKeeper/Info.plist;
				LD_RUNPATH_SEARCH_PATHS = "$(inherited) @executable_path/Frameworks";
				PRODUCT_BUNDLE_IDENTIFIER = org.jasonnoble.ZooKeeper;
				PRODUCT_NAME = "$(TARGET_NAME)";
			};
			name = Release;
		};
		8CE7B7D21C64524E00E6443B /* Debug */ = {
			isa = XCBuildConfiguration;
			buildSettings = {
				BUNDLE_LOADER = "$(TEST_HOST)";
				INFOPLIST_FILE = ZooKeeperTests/Info.plist;
				LD_RUNPATH_SEARCH_PATHS = "$(inherited) @executable_path/Frameworks @loader_path/Frameworks";
				PRODUCT_BUNDLE_IDENTIFIER = org.jasonnoble.ZooKeeperTests;
				PRODUCT_NAME = "$(TARGET_NAME)";
				TEST_HOST = "$(BUILT_PRODUCTS_DIR)/ZooKeeper.app/ZooKeeper";
			};
			name = Debug;
		};
		8CE7B7D31C64524E00E6443B /* Release */ = {
			isa = XCBuildConfiguration;
			buildSettings = {
				BUNDLE_LOADER = "$(TEST_HOST)";
				INFOPLIST_FILE = ZooKeeperTests/Info.plist;
				LD_RUNPATH_SEARCH_PATHS = "$(inherited) @executable_path/Frameworks @loader_path/Frameworks";
				PRODUCT_BUNDLE_IDENTIFIER = org.jasonnoble.ZooKeeperTests;
				PRODUCT_NAME = "$(TARGET_NAME)";
				TEST_HOST = "$(BUILT_PRODUCTS_DIR)/ZooKeeper.app/ZooKeeper";
			};
			name = Release;
		};
		8CE7B7D51C64524E00E6443B /* Debug */ = {
			isa = XCBuildConfiguration;
			buildSettings = {
				INFOPLIST_FILE = ZooKeeperUITests/Info.plist;
				LD_RUNPATH_SEARCH_PATHS = "$(inherited) @executable_path/Frameworks @loader_path/Frameworks";
				PRODUCT_BUNDLE_IDENTIFIER = org.jasonnoble.ZooKeeperUITests;
				PRODUCT_NAME = "$(TARGET_NAME)";
				TEST_TARGET_NAME = ZooKeeper;
				USES_XCTRUNNER = YES;
			};
			name = Debug;
		};
		8CE7B7D61C64524E00E6443B /* Release */ = {
			isa = XCBuildConfiguration;
			buildSettings = {
				INFOPLIST_FILE = ZooKeeperUITests/Info.plist;
				LD_RUNPATH_SEARCH_PATHS = "$(inherited) @executable_path/Frameworks @loader_path/Frameworks";
				PRODUCT_BUNDLE_IDENTIFIER = org.jasonnoble.ZooKeeperUITests;
				PRODUCT_NAME = "$(TARGET_NAME)";
				TEST_TARGET_NAME = ZooKeeper;
				USES_XCTRUNNER = YES;
			};
			name = Release;
		};
/* End XCBuildConfiguration section */

/* Begin XCConfigurationList section */
		8CE7B79F1C64524D00E6443B /* Build configuration list for PBXProject "ZooKeeper" */ = {
			isa = XCConfigurationList;
			buildConfigurations = (
				8CE7B7CC1C64524E00E6443B /* Debug */,
				8CE7B7CD1C64524E00E6443B /* Release */,
			);
			defaultConfigurationIsVisible = 0;
			defaultConfigurationName = Release;
		};
		8CE7B7CE1C64524E00E6443B /* Build configuration list for PBXNativeTarget "ZooKeeper" */ = {
			isa = XCConfigurationList;
			buildConfigurations = (
				8CE7B7CF1C64524E00E6443B /* Debug */,
				8CE7B7D01C64524E00E6443B /* Release */,
			);
			defaultConfigurationIsVisible = 0;
			defaultConfigurationName = Release;
		};
		8CE7B7D11C64524E00E6443B /* Build configuration list for PBXNativeTarget "ZooKeeperTests" */ = {
			isa = XCConfigurationList;
			buildConfigurations = (
				8CE7B7D21C64524E00E6443B /* Debug */,
				8CE7B7D31C64524E00E6443B /* Release */,
			);
			defaultConfigurationIsVisible = 0;
			defaultConfigurationName = Release;
		};
		8CE7B7D41C64524E00E6443B /* Build configuration list for PBXNativeTarget "ZooKeeperUITests" */ = {
			isa = XCConfigurationList;
			buildConfigurations = (
				8CE7B7D51C64524E00E6443B /* Debug */,
				8CE7B7D61C64524E00E6443B /* Release */,
			);
			defaultConfigurationIsVisible = 0;
			defaultConfigurationName = Release;
		};
/* End XCConfigurationList section */
	};
	rootObject = 8CE7B79C1C64524D00E6443B /* Project object */;
}
